// !$*UTF8*$!
{
	archiveVersion = 1;
	classes = {
	};
	objectVersion = 46;
	objects = {

/* Begin PBXBuildFile section */
		FB2C21041BAC6784006DDB43 /* AppDelegate.swift in Sources */ = {isa = PBXBuildFile; fileRef = FB2C21031BAC6784006DDB43 /* AppDelegate.swift */; };
		FB2C21061BAC6784006DDB43 /* ViewController.swift in Sources */ = {isa = PBXBuildFile; fileRef = FB2C21051BAC6784006DDB43 /* ViewController.swift */; };
		FB2C21091BAC6784006DDB43 /* Main.storyboard in Resources */ = {isa = PBXBuildFile; fileRef = FB2C21071BAC6784006DDB43 /* Main.storyboard */; };
		FB2C210C1BAC6784006DDB43 /* recipez.xcdatamodeld in Sources */ = {isa = PBXBuildFile; fileRef = FB2C210A1BAC6784006DDB43 /* recipez.xcdatamodeld */; };
		FB2C210E1BAC6784006DDB43 /* Assets.xcassets in Resources */ = {isa = PBXBuildFile; fileRef = FB2C210D1BAC6784006DDB43 /* Assets.xcassets */; };
		FB2C21111BAC6784006DDB43 /* LaunchScreen.storyboard in Resources */ = {isa = PBXBuildFile; fileRef = FB2C210F1BAC6784006DDB43 /* LaunchScreen.storyboard */; };
		FB2C211C1BAC748E006DDB43 /* RecipeCell.swift in Sources */ = {isa = PBXBuildFile; fileRef = FB2C211B1BAC748E006DDB43 /* RecipeCell.swift */; settings = {ASSET_TAGS = (); }; };
		FB2C21251BAC8236006DDB43 /* Recipe+CoreDataProperties.swift in Sources */ = {isa = PBXBuildFile; fileRef = FB2C21231BAC8236006DDB43 /* Recipe+CoreDataProperties.swift */; settings = {ASSET_TAGS = (); }; };
		FB2C21261BAC8236006DDB43 /* Recipe.swift in Sources */ = {isa = PBXBuildFile; fileRef = FB2C21241BAC8236006DDB43 /* Recipe.swift */; settings = {ASSET_TAGS = (); }; };
		FB2C212C1BAC88B4006DDB43 /* AddRecipeVC.swift in Sources */ = {isa = PBXBuildFile; fileRef = FB2C212B1BAC88B4006DDB43 /* AddRecipeVC.swift */; settings = {ASSET_TAGS = (); }; };
/* End PBXBuildFile section */

/* Begin PBXFileReference section */
		FB2C21001BAC6784006DDB43 /* recipez.app */ = {isa = PBXFileReference; explicitFileType = wrapper.application; includeInIndex = 0; path = recipez.app; sourceTree = BUILT_PRODUCTS_DIR; };
		FB2C21031BAC6784006DDB43 /* AppDelegate.swift */ = {isa = PBXFileReference; lastKnownFileType = sourcecode.swift; path = AppDelegate.swift; sourceTree = "<group>"; };
		FB2C21051BAC6784006DDB43 /* ViewController.swift */ = {isa = PBXFileReference; lastKnownFileType = sourcecode.swift; path = ViewController.swift; sourceTree = "<group>"; };
		FB2C21081BAC6784006DDB43 /* Base */ = {isa = PBXFileReference; lastKnownFileType = file.storyboard; name = Base; path = Base.lproj/Main.storyboard; sourceTree = "<group>"; };
		FB2C210B1BAC6784006DDB43 /* recipez.xcdatamodel */ = {isa = PBXFileReference; lastKnownFileType = wrapper.xcdatamodel; path = recipez.xcdatamodel; sourceTree = "<group>"; };
		FB2C210D1BAC6784006DDB43 /* Assets.xcassets */ = {isa = PBXFileReference; lastKnownFileType = folder.assetcatalog; path = Assets.xcassets; sourceTree = "<group>"; };
		FB2C21101BAC6784006DDB43 /* Base */ = {isa = PBXFileReference; lastKnownFileType = file.storyboard; name = Base; path = Base.lproj/LaunchScreen.storyboard; sourceTree = "<group>"; };
		FB2C21121BAC6784006DDB43 /* Info.plist */ = {isa = PBXFileReference; lastKnownFileType = text.plist.xml; path = Info.plist; sourceTree = "<group>"; };
		FB2C211B1BAC748E006DDB43 /* RecipeCell.swift */ = {isa = PBXFileReference; fileEncoding = 4; lastKnownFileType = sourcecode.swift; path = RecipeCell.swift; sourceTree = "<group>"; };
		FB2C21231BAC8236006DDB43 /* Recipe+CoreDataProperties.swift */ = {isa = PBXFileReference; fileEncoding = 4; lastKnownFileType = sourcecode.swift; name = "Recipe+CoreDataProperties.swift"; path = "../Recipe+CoreDataProperties.swift"; sourceTree = "<group>"; };
		FB2C21241BAC8236006DDB43 /* Recipe.swift */ = {isa = PBXFileReference; fileEncoding = 4; lastKnownFileType = sourcecode.swift; name = Recipe.swift; path = ../Recipe.swift; sourceTree = "<group>"; };
		FB2C212B1BAC88B4006DDB43 /* AddRecipeVC.swift */ = {isa = PBXFileReference; fileEncoding = 4; lastKnownFileType = sourcecode.swift; path = AddRecipeVC.swift; sourceTree = "<group>"; };
/* End PBXFileReference section */

/* Begin PBXFrameworksBuildPhase section */
		FB2C20FD1BAC6784006DDB43 /* Frameworks */ = {
			isa = PBXFrameworksBuildPhase;
			buildActionMask = 2147483647;
			files = (
			);
			runOnlyForDeploymentPostprocessing = 0;
		};
/* End PBXFrameworksBuildPhase section */

/* Begin PBXGroup section */
		FB2C20F71BAC6784006DDB43 = {
			isa = PBXGroup;
			children = (
				FB2C21021BAC6784006DDB43 /* recipez */,
				FB2C21011BAC6784006DDB43 /* Products */,
			);
			sourceTree = "<group>";
		};
		FB2C21011BAC6784006DDB43 /* Products */ = {
			isa = PBXGroup;
			children = (
				FB2C21001BAC6784006DDB43 /* recipez.app */,
			);
			name = Products;
			sourceTree = "<group>";
		};
		FB2C21021BAC6784006DDB43 /* recipez */ = {
			isa = PBXGroup;
			children = (
				FB2C21191BAC7454006DDB43 /* model */,
				FB2C211A1BAC745C006DDB43 /* view */,
				FB2C21181BAC744E006DDB43 /* controller */,
				FB2C21031BAC6784006DDB43 /* AppDelegate.swift */,
				FB2C21071BAC6784006DDB43 /* Main.storyboard */,
				FB2C210D1BAC6784006DDB43 /* Assets.xcassets */,
				FB2C210F1BAC6784006DDB43 /* LaunchScreen.storyboard */,
				FB2C21121BAC6784006DDB43 /* Info.plist */,
				FB2C210A1BAC6784006DDB43 /* recipez.xcdatamodeld */,
			);
			path = recipez;
			sourceTree = "<group>";
		};
		FB2C21181BAC744E006DDB43 /* controller */ = {
			isa = PBXGroup;
			children = (
				FB2C21051BAC6784006DDB43 /* ViewController.swift */,
				FB2C212B1BAC88B4006DDB43 /* AddRecipeVC.swift */,
			);
			name = controller;
			sourceTree = "<group>";
		};
		FB2C21191BAC7454006DDB43 /* model */ = {
			isa = PBXGroup;
			children = (
				FB2C21231BAC8236006DDB43 /* Recipe+CoreDataProperties.swift */,
				FB2C21241BAC8236006DDB43 /* Recipe.swift */,
			);
			name = model;
			sourceTree = "<group>";
		};
		FB2C211A1BAC745C006DDB43 /* view */ = {
			isa = PBXGroup;
			children = (
				FB2C211B1BAC748E006DDB43 /* RecipeCell.swift */,
			);
			name = view;
			sourceTree = "<group>";
		};
/* End PBXGroup section */

/* Begin PBXNativeTarget section */
		FB2C20FF1BAC6784006DDB43 /* recipez */ = {
			isa = PBXNativeTarget;
			buildConfigurationList = FB2C21151BAC6784006DDB43 /* Build configuration list for PBXNativeTarget "recipez" */;
			buildPhases = (
				FB2C20FC1BAC6784006DDB43 /* Sources */,
				FB2C20FD1BAC6784006DDB43 /* Frameworks */,
				FB2C20FE1BAC6784006DDB43 /* Resources */,
			);
			buildRules = (
			);
			dependencies = (
			);
			name = recipez;
			productName = recipez;
			productReference = FB2C21001BAC6784006DDB43 /* recipez.app */;
			productType = "com.apple.product-type.application";
		};
/* End PBXNativeTarget section */

/* Begin PBXProject section */
		FB2C20F81BAC6784006DDB43 /* Project object */ = {
			isa = PBXProject;
			attributes = {
				LastSwiftUpdateCheck = 0700;
				LastUpgradeCheck = 0700;
				ORGANIZATIONNAME = "Jonathan Wood";
				TargetAttributes = {
					FB2C20FF1BAC6784006DDB43 = {
						CreatedOnToolsVersion = 7.0;
					};
				};
			};
			buildConfigurationList = FB2C20FB1BAC6784006DDB43 /* Build configuration list for PBXProject "recipez" */;
			compatibilityVersion = "Xcode 3.2";
			developmentRegion = English;
			hasScannedForEncodings = 0;
			knownRegions = (
				en,
				Base,
			);
			mainGroup = FB2C20F71BAC6784006DDB43;
			productRefGroup = FB2C21011BAC6784006DDB43 /* Products */;
			projectDirPath = "";
			projectRoot = "";
			targets = (
				FB2C20FF1BAC6784006DDB43 /* recipez */,
			);
		};
/* End PBXProject section */

/* Begin PBXResourcesBuildPhase section */
		FB2C20FE1BAC6784006DDB43 /* Resources */ = {
			isa = PBXResourcesBuildPhase;
			buildActionMask = 2147483647;
			files = (
				FB2C21111BAC6784006DDB43 /* LaunchScreen.storyboard in Resources */,
				FB2C210E1BAC6784006DDB43 /* Assets.xcassets in Resources */,
				FB2C21091BAC6784006DDB43 /* Main.storyboard in Resources */,
			);
			runOnlyForDeploymentPostprocessing = 0;
		};
/* End PBXResourcesBuildPhase section */

/* Begin PBXSourcesBuildPhase section */
		FB2C20FC1BAC6784006DDB43 /* Sources */ = {
			isa = PBXSourcesBuildPhase;
			buildActionMask = 2147483647;
			files = (
				FB2C21251BAC8236006DDB43 /* Recipe+CoreDataProperties.swift in Sources */,
				FB2C21061BAC6784006DDB43 /* ViewController.swift in Sources */,
				FB2C212C1BAC88B4006DDB43 /* AddRecipeVC.swift in Sources */,
				FB2C21041BAC6784006DDB43 /* AppDelegate.swift in Sources */,
				FB2C21261BAC8236006DDB43 /* Recipe.swift in Sources */,
				FB2C210C1BAC6784006DDB43 /* recipez.xcdatamodeld in Sources */,
				FB2C211C1BAC748E006DDB43 /* RecipeCell.swift in Sources */,
			);
			runOnlyForDeploymentPostprocessing = 0;
		};
/* End PBXSourcesBuildPhase section */

/* Begin PBXVariantGroup section */
		FB2C21071BAC6784006DDB43 /* Main.storyboard */ = {
			isa = PBXVariantGroup;
			children = (
				FB2C21081BAC6784006DDB43 /* Base */,
			);
			name = Main.storyboard;
			sourceTree = "<group>";
		};
		FB2C210F1BAC6784006DDB43 /* LaunchScreen.storyboard */ = {
			isa = PBXVariantGroup;
			children = (
				FB2C21101BAC6784006DDB43 /* Base */,
			);
			name = LaunchScreen.storyboard;
			sourceTree = "<group>";
		};
/* End PBXVariantGroup section */

/* Begin XCBuildConfiguration section */
		FB2C21131BAC6784006DDB43 /* Debug */ = {
			isa = XCBuildConfiguration;
			buildSettings = {
				ALWAYS_SEARCH_USER_PATHS = NO;
				CLANG_CXX_LANGUAGE_STANDARD = "gnu++0x";
				CLANG_CXX_LIBRARY = "libc++";
				CLANG_ENABLE_MODULES = YES;
				CLANG_ENABLE_OBJC_ARC = YES;
				CLANG_WARN_BOOL_CONVERSION = YES;
				CLANG_WARN_CONSTANT_CONVERSION = YES;
				CLANG_WARN_DIRECT_OBJC_ISA_USAGE = YES_ERROR;
				CLANG_WARN_EMPTY_BODY = YES;
				CLANG_WARN_ENUM_CONVERSION = YES;
				CLANG_WARN_INT_CONVERSION = YES;
				CLANG_WARN_OBJC_ROOT_CLASS = YES_ERROR;
				CLANG_WARN_UNREACHABLE_CODE = YES;
				CLANG_WARN__DUPLICATE_METHOD_MATCH = YES;
				"CODE_SIGN_IDENTITY[sdk=iphoneos*]" = "iPhone Developer";
				COPY_PHASE_STRIP = NO;
				DEBUG_INFORMATION_FORMAT = dwarf;
				ENABLE_STRICT_OBJC_MSGSEND = YES;
				ENABLE_TESTABILITY = YES;
				GCC_C_LANGUAGE_STANDARD = gnu99;
				GCC_DYNAMIC_NO_PIC = NO;
				GCC_NO_COMMON_BLOCKS = YES;
				GCC_OPTIMIZATION_LEVEL = 0;
				GCC_PREPROCESSOR_DEFINITIONS = (
					"DEBUG=1",
					"$(inherited)",
				);
				GCC_WARN_64_TO_32_BIT_CONVERSION = YES;
				GCC_WARN_ABOUT_RETURN_TYPE = YES_ERROR;
				GCC_WARN_UNDECLARED_SELECTOR = YES;
				GCC_WARN_UNINITIALIZED_AUTOS = YES_AGGRESSIVE;
				GCC_WARN_UNUSED_FUNCTION = YES;
				GCC_WARN_UNUSED_VARIABLE = YES;
				IPHONEOS_DEPLOYMENT_TARGET = 9.0;
				MTL_ENABLE_DEBUG_INFO = YES;
				ONLY_ACTIVE_ARCH = YES;
				SDKROOT = iphoneos;
				SWIFT_OPTIMIZATION_LEVEL = "-Onone";
				TARGETED_DEVICE_FAMILY = "1,2";
			};
			name = Debug;
		};
		FB2C21141BAC6784006DDB43 /* Release */ = {
			isa = XCBuildConfiguration;
			buildSettings = {
				ALWAYS_SEARCH_USER_PATHS = NO;
				CLANG_CXX_LANGUAGE_STANDARD = "gnu++0x";
				CLANG_CXX_LIBRARY = "libc++";
				CLANG_ENABLE_MODULES = YES;
				CLANG_ENABLE_OBJC_ARC = YES;
				CLANG_WARN_BOOL_CONVERSION = YES;
				CLANG_WARN_CONSTANT_CONVERSION = YES;
				CLANG_WARN_DIRECT_OBJC_ISA_USAGE = YES_ERROR;
				CLANG_WARN_EMPTY_BODY = YES;
				CLANG_WARN_ENUM_CONVERSION = YES;
				CLANG_WARN_INT_CONVERSION = YES;
				CLANG_WARN_OBJC_ROOT_CLASS = YES_ERROR;
				CLANG_WARN_UNREACHABLE_CODE = YES;
				CLANG_WARN__DUPLICATE_METHOD_MATCH = YES;
				"CODE_SIGN_IDENTITY[sdk=iphoneos*]" = "iPhone Developer";
				COPY_PHASE_STRIP = NO;
				DEBUG_INFORMATION_FORMAT = "dwarf-with-dsym";
				ENABLE_NS_ASSERTIONS = NO;
				ENABLE_STRICT_OBJC_MSGSEND = YES;
				GCC_C_LANGUAGE_STANDARD = gnu99;
				GCC_NO_COMMON_BLOCKS = YES;
				GCC_WARN_64_TO_32_BIT_CONVERSION = YES;
				GCC_WARN_ABOUT_RETURN_TYPE = YES_ERROR;
				GCC_WARN_UNDECLARED_SELECTOR = YES;
				GCC_WARN_UNINITIALIZED_AUTOS = YES_AGGRESSIVE;
				GCC_WARN_UNUSED_FUNCTION = YES;
				GCC_WARN_UNUSED_VARIABLE = YES;
				IPHONEOS_DEPLOYMENT_TARGET = 9.0;
				MTL_ENABLE_DEBUG_INFO = NO;
				SDKROOT = iphoneos;
				TARGETED_DEVICE_FAMILY = "1,2";
				VALIDATE_PRODUCT = YES;
			};
			name = Release;
		};
		FB2C21161BAC6784006DDB43 /* Debug */ = {
			isa = XCBuildConfiguration;
			buildSettings = {
				ASSETCATALOG_COMPILER_APPICON_NAME = AppIcon;
				CLANG_ENABLE_MODULES = YES;
				INFOPLIST_FILE = recipez/Info.plist;
				LD_RUNPATH_SEARCH_PATHS = "$(inherited) @executable_path/Frameworks";
				PRODUCT_BUNDLE_IDENTIFIER = com.jonathan.recipez;
				PRODUCT_NAME = "$(TARGET_NAME)";
				SWIFT_OPTIMIZATION_LEVEL = "-Onone";
			};
			name = Debug;
		};
		FB2C21171BAC6784006DDB43 /* Release */ = {
			isa = XCBuildConfiguration;
			buildSettings = {
				ASSETCATALOG_COMPILER_APPICON_NAME = AppIcon;
				CLANG_ENABLE_MODULES = YES;
				INFOPLIST_FILE = recipez/Info.plist;
				LD_RUNPATH_SEARCH_PATHS = "$(inherited) @executable_path/Frameworks";
				PRODUCT_BUNDLE_IDENTIFIER = com.jonathan.recipez;
				PRODUCT_NAME = "$(TARGET_NAME)";
			};
			name = Release;
		};
/* End XCBuildConfiguration section */

/* Begin XCConfigurationList section */
		FB2C20FB1BAC6784006DDB43 /* Build configuration list for PBXProject "recipez" */ = {
			isa = XCConfigurationList;
			buildConfigurations = (
				FB2C21131BAC6784006DDB43 /* Debug */,
				FB2C21141BAC6784006DDB43 /* Release */,
			);
			defaultConfigurationIsVisible = 0;
			defaultConfigurationName = Release;
		};
		FB2C21151BAC6784006DDB43 /* Build configuration list for PBXNativeTarget "recipez" */ = {
			isa = XCConfigurationList;
			buildConfigurations = (
				FB2C21161BAC6784006DDB43 /* Debug */,
				FB2C21171BAC6784006DDB43 /* Release */,
			);
			defaultConfigurationIsVisible = 0;
		};
/* End XCConfigurationList section */

/* Begin XCVersionGroup section */
		FB2C210A1BAC6784006DDB43 /* recipez.xcdatamodeld */ = {
			isa = XCVersionGroup;
			children = (
				FB2C210B1BAC6784006DDB43 /* recipez.xcdatamodel */,
			);
			currentVersion = FB2C210B1BAC6784006DDB43 /* recipez.xcdatamodel */;
			path = recipez.xcdatamodeld;
			sourceTree = "<group>";
			versionGroupType = wrapper.xcdatamodel;
		};
/* End XCVersionGroup section */
	};
	rootObject = FB2C20F81BAC6784006DDB43 /* Project object */;
}
